
Microsoft Visual Studio Solution File, Format Version 12.00
# Visual Studio Version 16
VisualStudioVersion = 16.0.31829.152
MinimumVisualStudioVersion = 10.0.40219.1
Project("{FAE04EC0-301F-11D3-BF4B-00C04F79EFBC}") = "04.01.2022 Muhammet", "04.01.2022 Muhammet.csproj", "{9572C66E-60C0-4C59-9954-561BBDFA6BAB}"
EndProject
Global
	GlobalSection(SolutionConfigurationPlatforms) = preSolution
		Debug|Any CPU = Debug|Any CPU
		Release|Any CPU = Release|Any CPU
	EndGlobalSection
	GlobalSection(ProjectConfigurationPlatforms) = postSolution
		{9572C66E-60C0-4C59-9954-561BBDFA6BAB}.Debug|Any CPU.ActiveCfg = Debug|Any CPU
		{9572C66E-60C0-4C59-9954-561BBDFA6BAB}.Debug|Any CPU.Build.0 = Debug|Any CPU
		{9572C66E-60C0-4C59-9954-561BBDFA6BAB}.Release|Any CPU.ActiveCfg = Release|Any CPU
		{9572C66E-60C0-4C59-9954-561BBDFA6BAB}.Release|Any CPU.Build.0 = Release|Any CPU
	EndGlobalSection
	GlobalSection(SolutionProperties) = preSolution
		HideSolutionNode = FALSE
	EndGlobalSection
	GlobalSection(ExtensibilityGlobals) = postSolution
		SolutionGuid = {41F1D75D-CB97-4294-880D-E3D915BE32BD}
	EndGlobalSection
EndGlobal
